
Microsoft Visual Studio Solution File, Format Version 12.00
# Visual Studio 14
VisualStudioVersion = 14.0.25420.1
MinimumVisualStudioVersion = 10.0.40219.1
Project("{FAE04EC0-301F-11D3-BF4B-00C04F79EFBC}") = "QLNS", "QLNS\QLNS.csproj", "{E4D38344-9E6D-4B13-B809-8DEEE85E3F47}"
EndProject
Project("{FAE04EC0-301F-11D3-BF4B-00C04F79EFBC}") = "BUS", "BUS\BUS.csproj", "{ABE2302C-36F2-4A7D-B59E-F14F189DBEDB}"
EndProject
Project("{FAE04EC0-301F-11D3-BF4B-00C04F79EFBC}") = "DATA", "DATA\DATA.csproj", "{09184E5F-DD68-4443-9BB2-4BEF734A692C}"
EndProject
Global
	GlobalSection(SolutionConfigurationPlatforms) = preSolution
		Debug|Any CPU = Debug|Any CPU
		Release|Any CPU = Release|Any CPU
	EndGlobalSection
	GlobalSection(ProjectConfigurationPlatforms) = postSolution
		{E4D38344-9E6D-4B13-B809-8DEEE85E3F47}.Debug|Any CPU.ActiveCfg = Debug|Any CPU
		{E4D38344-9E6D-4B13-B809-8DEEE85E3F47}.Debug|Any CPU.Build.0 = Debug|Any CPU
		{E4D38344-9E6D-4B13-B809-8DEEE85E3F47}.Release|Any CPU.ActiveCfg = Release|Any CPU
		{E4D38344-9E6D-4B13-B809-8DEEE85E3F47}.Release|Any CPU.Build.0 = Release|Any CPU
		{ABE2302C-36F2-4A7D-B59E-F14F189DBEDB}.Debug|Any CPU.ActiveCfg = Debug|Any CPU
		{ABE2302C-36F2-4A7D-B59E-F14F189DBEDB}.Debug|Any CPU.Build.0 = Debug|Any CPU
		{ABE2302C-36F2-4A7D-B59E-F14F189DBEDB}.Release|Any CPU.ActiveCfg = Release|Any CPU
		{ABE2302C-36F2-4A7D-B59E-F14F189DBEDB}.Release|Any CPU.Build.0 = Release|Any CPU
		{09184E5F-DD68-4443-9BB2-4BEF734A692C}.Debug|Any CPU.ActiveCfg = Debug|Any CPU
		{09184E5F-DD68-4443-9BB2-4BEF734A692C}.Debug|Any CPU.Build.0 = Debug|Any CPU
		{09184E5F-DD68-4443-9BB2-4BEF734A692C}.Release|Any CPU.ActiveCfg = Release|Any CPU
		{09184E5F-DD68-4443-9BB2-4BEF734A692C}.Release|Any CPU.Build.0 = Release|Any CPU
	EndGlobalSection
	GlobalSection(SolutionProperties) = preSolution
		HideSolutionNode = FALSE
	EndGlobalSection
EndGlobal
